
Microsoft Visual Studio Solution File, Format Version 12.00
# Visual Studio Version 17
VisualStudioVersion = 17.0.32112.339
MinimumVisualStudioVersion = 10.0.40219.1
Project("{9A19103F-16F7-4668-BE54-9A1E7A4F7556}") = "Net5", "Net5\Net5.csproj", "{DD43BC9F-02E1-4E9B-BBE0-A8F593A40047}"
EndProject
Project("{9A19103F-16F7-4668-BE54-9A1E7A4F7556}") = "Net6", "Net6\Net6.csproj", "{A5FEED4D-3DEE-4237-B487-443A92CA1BC6}"
EndProject
Project("{9A19103F-16F7-4668-BE54-9A1E7A4F7556}") = "NetStandard2.0", "NetStandard2.0\NetStandard2.0.csproj", "{E6785800-264D-4628-BF4B-A0A3878023CB}"
EndProject
Project("{9A19103F-16F7-4668-BE54-9A1E7A4F7556}") = "Net7", "Net7\Net7.csproj", "{A59C229C-698E-4440-AFD9-AA194EBA796B}"
EndProject
Project("{FAE04EC0-301F-11D3-BF4B-00C04F79EFBC}") = "Net8", "Net8\Net8.csproj", "{BF11B803-0AD7-4177-9565-DDA38E9C4332}"
EndProject
Project("{FAE04EC0-301F-11D3-BF4B-00C04F79EFBC}") = "Net9", "Net9\Net9.csproj", "{205C172D-2385-441E-B885-97A890E107B2}"
EndProject
Global
	GlobalSection(SolutionConfigurationPlatforms) = preSolution
		Debug|Any CPU = Debug|Any CPU
		Release|Any CPU = Release|Any CPU
	EndGlobalSection
	GlobalSection(ProjectConfigurationPlatforms) = postSolution
		{DD43BC9F-02E1-4E9B-BBE0-A8F593A40047}.Debug|Any CPU.ActiveCfg = Debug|Any CPU
		{DD43BC9F-02E1-4E9B-BBE0-A8F593A40047}.Debug|Any CPU.Build.0 = Debug|Any CPU
		{DD43BC9F-02E1-4E9B-BBE0-A8F593A40047}.Release|Any CPU.ActiveCfg = Release|Any CPU
		{DD43BC9F-02E1-4E9B-BBE0-A8F593A40047}.Release|Any CPU.Build.0 = Release|Any CPU
		{A5FEED4D-3DEE-4237-B487-443A92CA1BC6}.Debug|Any CPU.ActiveCfg = Debug|Any CPU
		{A5FEED4D-3DEE-4237-B487-443A92CA1BC6}.Debug|Any CPU.Build.0 = Debug|Any CPU
		{A5FEED4D-3DEE-4237-B487-443A92CA1BC6}.Release|Any CPU.ActiveCfg = Release|Any CPU
		{A5FEED4D-3DEE-4237-B487-443A92CA1BC6}.Release|Any CPU.Build.0 = Release|Any CPU
		{E6785800-264D-4628-BF4B-A0A3878023CB}.Debug|Any CPU.ActiveCfg = Debug|Any CPU
		{E6785800-264D-4628-BF4B-A0A3878023CB}.Debug|Any CPU.Build.0 = Debug|Any CPU
		{E6785800-264D-4628-BF4B-A0A3878023CB}.Release|Any CPU.ActiveCfg = Release|Any CPU
		{E6785800-264D-4628-BF4B-A0A3878023CB}.Release|Any CPU.Build.0 = Release|Any CPU
		{A59C229C-698E-4440-AFD9-AA194EBA796B}.Debug|Any CPU.ActiveCfg = Debug|Any CPU
		{A59C229C-698E-4440-AFD9-AA194EBA796B}.Debug|Any CPU.Build.0 = Debug|Any CPU
		{A59C229C-698E-4440-AFD9-AA194EBA796B}.Release|Any CPU.ActiveCfg = Release|Any CPU
		{A59C229C-698E-4440-AFD9-AA194EBA796B}.Release|Any CPU.Build.0 = Release|Any CPU
		{BF11B803-0AD7-4177-9565-DDA38E9C4332}.Debug|Any CPU.ActiveCfg = Debug|Any CPU
		{BF11B803-0AD7-4177-9565-DDA38E9C4332}.Debug|Any CPU.Build.0 = Debug|Any CPU
		{BF11B803-0AD7-4177-9565-DDA38E9C4332}.Release|Any CPU.ActiveCfg = Release|Any CPU
		{BF11B803-0AD7-4177-9565-DDA38E9C4332}.Release|Any CPU.Build.0 = Release|Any CPU
		{205C172D-2385-441E-B885-97A890E107B2}.Debug|Any CPU.ActiveCfg = Debug|Any CPU
		{205C172D-2385-441E-B885-97A890E107B2}.Debug|Any CPU.Build.0 = Debug|Any CPU
		{205C172D-2385-441E-B885-97A890E107B2}.Release|Any CPU.ActiveCfg = Release|Any CPU
		{205C172D-2385-441E-B885-97A890E107B2}.Release|Any CPU.Build.0 = Release|Any CPU
	EndGlobalSection
	GlobalSection(SolutionProperties) = preSolution
		HideSolutionNode = FALSE
	EndGlobalSection
	GlobalSection(ExtensibilityGlobals) = postSolution
		SolutionGuid = {BA658CD4-D83B-47EB-B366-4A93F117F439}
	EndGlobalSection
EndGlobal
